// !$*UTF8*$!
{
	archiveVersion = 1;
	classes = {
	};
	objectVersion = 46;
	objects = {

/* Begin PBXBuildFile section */
		C7397D7419E978C100FF9EA3 /* main.m in Sources */ = {isa = PBXBuildFile; fileRef = C7397D7319E978C100FF9EA3 /* main.m */; };
		C7397D7719E978C100FF9EA3 /* AppDelegate.m in Sources */ = {isa = PBXBuildFile; fileRef = C7397D7619E978C100FF9EA3 /* AppDelegate.m */; };
		C7397D7919E978C100FF9EA3 /* Images.xcassets in Resources */ = {isa = PBXBuildFile; fileRef = C7397D7819E978C100FF9EA3 /* Images.xcassets */; };
		C7397D7C19E978C100FF9EA3 /* MainMenu.xib in Resources */ = {isa = PBXBuildFile; fileRef = C7397D7A19E978C100FF9EA3 /* MainMenu.xib */; };
		C7397D8819E978C200FF9EA3 /* HomeKitBridgeTests.m in Sources */ = {isa = PBXBuildFile; fileRef = C7397D8719E978C200FF9EA3 /* HomeKitBridgeTests.m */; };
/* End PBXBuildFile section */

/* Begin PBXContainerItemProxy section */
		C7397D8219E978C200FF9EA3 /* PBXContainerItemProxy */ = {
			isa = PBXContainerItemProxy;
			containerPortal = C7397D6619E978C100FF9EA3 /* Project object */;
			proxyType = 1;
			remoteGlobalIDString = C7397D6D19E978C100FF9EA3;
			remoteInfo = HomeKitBridge;
		};
/* End PBXContainerItemProxy section */

/* Begin PBXFileReference section */
		C7397D6E19E978C100FF9EA3 /* HomeKitBridge.app */ = {isa = PBXFileReference; explicitFileType = wrapper.application; includeInIndex = 0; path = HomeKitBridge.app; sourceTree = BUILT_PRODUCTS_DIR; };
		C7397D7219E978C100FF9EA3 /* Info.plist */ = {isa = PBXFileReference; lastKnownFileType = text.plist.xml; path = Info.plist; sourceTree = "<group>"; };
		C7397D7319E978C100FF9EA3 /* main.m */ = {isa = PBXFileReference; lastKnownFileType = sourcecode.c.objc; path = main.m; sourceTree = "<group>"; };
		C7397D7519E978C100FF9EA3 /* AppDelegate.h */ = {isa = PBXFileReference; lastKnownFileType = sourcecode.c.h; path = AppDelegate.h; sourceTree = "<group>"; };
		C7397D7619E978C100FF9EA3 /* AppDelegate.m */ = {isa = PBXFileReference; lastKnownFileType = sourcecode.c.objc; path = AppDelegate.m; sourceTree = "<group>"; };
		C7397D7819E978C100FF9EA3 /* Images.xcassets */ = {isa = PBXFileReference; lastKnownFileType = folder.assetcatalog; path = Images.xcassets; sourceTree = "<group>"; };
		C7397D7B19E978C100FF9EA3 /* Base */ = {isa = PBXFileReference; lastKnownFileType = file.xib; name = Base; path = Base.lproj/MainMenu.xib; sourceTree = "<group>"; };
		C7397D8119E978C200FF9EA3 /* HomeKitBridgeTests.xctest */ = {isa = PBXFileReference; explicitFileType = wrapper.cfbundle; includeInIndex = 0; path = HomeKitBridgeTests.xctest; sourceTree = BUILT_PRODUCTS_DIR; };
		C7397D8619E978C200FF9EA3 /* Info.plist */ = {isa = PBXFileReference; lastKnownFileType = text.plist.xml; path = Info.plist; sourceTree = "<group>"; };
		C7397D8719E978C200FF9EA3 /* HomeKitBridgeTests.m */ = {isa = PBXFileReference; lastKnownFileType = sourcecode.c.objc; path = HomeKitBridgeTests.m; sourceTree = "<group>"; };
/* End PBXFileReference section */

/* Begin PBXFrameworksBuildPhase section */
		C7397D6B19E978C100FF9EA3 /* Frameworks */ = {
			isa = PBXFrameworksBuildPhase;
			buildActionMask = 2147483647;
			files = (
			);
			runOnlyForDeploymentPostprocessing = 0;
		};
		C7397D7E19E978C200FF9EA3 /* Frameworks */ = {
			isa = PBXFrameworksBuildPhase;
			buildActionMask = 2147483647;
			files = (
			);
			runOnlyForDeploymentPostprocessing = 0;
		};
/* End PBXFrameworksBuildPhase section */

/* Begin PBXGroup section */
		C7397D6519E978C100FF9EA3 = {
			isa = PBXGroup;
			children = (
				C7397D7019E978C100FF9EA3 /* HomeKitBridge */,
				C7397D8419E978C200FF9EA3 /* HomeKitBridgeTests */,
				C7397D6F19E978C100FF9EA3 /* Products */,
			);
			sourceTree = "<group>";
		};
		C7397D6F19E978C100FF9EA3 /* Products */ = {
			isa = PBXGroup;
			children = (
				C7397D6E19E978C100FF9EA3 /* HomeKitBridge.app */,
				C7397D8119E978C200FF9EA3 /* HomeKitBridgeTests.xctest */,
			);
			name = Products;
			sourceTree = "<group>";
		};
		C7397D7019E978C100FF9EA3 /* HomeKitBridge */ = {
			isa = PBXGroup;
			children = (
				C7397D7519E978C100FF9EA3 /* AppDelegate.h */,
				C7397D7619E978C100FF9EA3 /* AppDelegate.m */,
				C7397D7819E978C100FF9EA3 /* Images.xcassets */,
				C7397D7A19E978C100FF9EA3 /* MainMenu.xib */,
				C7397D7119E978C100FF9EA3 /* Supporting Files */,
			);
			path = HomeKitBridge;
			sourceTree = "<group>";
		};
		C7397D7119E978C100FF9EA3 /* Supporting Files */ = {
			isa = PBXGroup;
			children = (
				C7397D7219E978C100FF9EA3 /* Info.plist */,
				C7397D7319E978C100FF9EA3 /* main.m */,
			);
			name = "Supporting Files";
			sourceTree = "<group>";
		};
		C7397D8419E978C200FF9EA3 /* HomeKitBridgeTests */ = {
			isa = PBXGroup;
			children = (
				C7397D8719E978C200FF9EA3 /* HomeKitBridgeTests.m */,
				C7397D8519E978C200FF9EA3 /* Supporting Files */,
			);
			path = HomeKitBridgeTests;
			sourceTree = "<group>";
		};
		C7397D8519E978C200FF9EA3 /* Supporting Files */ = {
			isa = PBXGroup;
			children = (
				C7397D8619E978C200FF9EA3 /* Info.plist */,
			);
			name = "Supporting Files";
			sourceTree = "<group>";
		};
/* End PBXGroup section */

/* Begin PBXNativeTarget section */
		C7397D6D19E978C100FF9EA3 /* HomeKitBridge */ = {
			isa = PBXNativeTarget;
			buildConfigurationList = C7397D8B19E978C200FF9EA3 /* Build configuration list for PBXNativeTarget "HomeKitBridge" */;
			buildPhases = (
				C7397D6A19E978C100FF9EA3 /* Sources */,
				C7397D6B19E978C100FF9EA3 /* Frameworks */,
				C7397D6C19E978C100FF9EA3 /* Resources */,
			);
			buildRules = (
			);
			dependencies = (
			);
			name = HomeKitBridge;
			productName = HomeKitBridge;
			productReference = C7397D6E19E978C100FF9EA3 /* HomeKitBridge.app */;
			productType = "com.apple.product-type.application";
		};
		C7397D8019E978C200FF9EA3 /* HomeKitBridgeTests */ = {
			isa = PBXNativeTarget;
			buildConfigurationList = C7397D8E19E978C200FF9EA3 /* Build configuration list for PBXNativeTarget "HomeKitBridgeTests" */;
			buildPhases = (
				C7397D7D19E978C200FF9EA3 /* Sources */,
				C7397D7E19E978C200FF9EA3 /* Frameworks */,
				C7397D7F19E978C200FF9EA3 /* Resources */,
			);
			buildRules = (
			);
			dependencies = (
				C7397D8319E978C200FF9EA3 /* PBXTargetDependency */,
			);
			name = HomeKitBridgeTests;
			productName = HomeKitBridgeTests;
			productReference = C7397D8119E978C200FF9EA3 /* HomeKitBridgeTests.xctest */;
			productType = "com.apple.product-type.bundle.unit-test";
		};
/* End PBXNativeTarget section */

/* Begin PBXProject section */
		C7397D6619E978C100FF9EA3 /* Project object */ = {
			isa = PBXProject;
			attributes = {
				LastUpgradeCheck = 0600;
				ORGANIZATIONNAME = "Kyle Howells";
				TargetAttributes = {
					C7397D6D19E978C100FF9EA3 = {
						CreatedOnToolsVersion = 6.0;
					};
					C7397D8019E978C200FF9EA3 = {
						CreatedOnToolsVersion = 6.0;
						TestTargetID = C7397D6D19E978C100FF9EA3;
					};
				};
			};
			buildConfigurationList = C7397D6919E978C100FF9EA3 /* Build configuration list for PBXProject "HomeKitBridge" */;
			compatibilityVersion = "Xcode 3.2";
			developmentRegion = English;
			hasScannedForEncodings = 0;
			knownRegions = (
				en,
				Base,
			);
			mainGroup = C7397D6519E978C100FF9EA3;
			productRefGroup = C7397D6F19E978C100FF9EA3 /* Products */;
			projectDirPath = "";
			projectRoot = "";
			targets = (
				C7397D6D19E978C100FF9EA3 /* HomeKitBridge */,
				C7397D8019E978C200FF9EA3 /* HomeKitBridgeTests */,
			);
		};
/* End PBXProject section */

/* Begin PBXResourcesBuildPhase section */
		C7397D6C19E978C100FF9EA3 /* Resources */ = {
			isa = PBXResourcesBuildPhase;
			buildActionMask = 2147483647;
			files = (
				C7397D7919E978C100FF9EA3 /* Images.xcassets in Resources */,
				C7397D7C19E978C100FF9EA3 /* MainMenu.xib in Resources */,
			);
			runOnlyForDeploymentPostprocessing = 0;
		};
		C7397D7F19E978C200FF9EA3 /* Resources */ = {
			isa = PBXResourcesBuildPhase;
			buildActionMask = 2147483647;
			files = (
			);
			runOnlyForDeploymentPostprocessing = 0;
		};
/* End PBXResourcesBuildPhase section */

/* Begin PBXSourcesBuildPhase section */
		C7397D6A19E978C100FF9EA3 /* Sources */ = {
			isa = PBXSourcesBuildPhase;
			buildActionMask = 2147483647;
			files = (
				C7397D7719E978C100FF9EA3 /* AppDelegate.m in Sources */,
				C7397D7419E978C100FF9EA3 /* main.m in Sources */,
			);
			runOnlyForDeploymentPostprocessing = 0;
		};
		C7397D7D19E978C200FF9EA3 /* Sources */ = {
			isa = PBXSourcesBuildPhase;
			buildActionMask = 2147483647;
			files = (
				C7397D8819E978C200FF9EA3 /* HomeKitBridgeTests.m in Sources */,
			);
			runOnlyForDeploymentPostprocessing = 0;
		};
/* End PBXSourcesBuildPhase section */

/* Begin PBXTargetDependency section */
		C7397D8319E978C200FF9EA3 /* PBXTargetDependency */ = {
			isa = PBXTargetDependency;
			target = C7397D6D19E978C100FF9EA3 /* HomeKitBridge */;
			targetProxy = C7397D8219E978C200FF9EA3 /* PBXContainerItemProxy */;
		};
/* End PBXTargetDependency section */

/* Begin PBXVariantGroup section */
		C7397D7A19E978C100FF9EA3 /* MainMenu.xib */ = {
			isa = PBXVariantGroup;
			children = (
				C7397D7B19E978C100FF9EA3 /* Base */,
			);
			name = MainMenu.xib;
			sourceTree = "<group>";
		};
/* End PBXVariantGroup section */

/* Begin XCBuildConfiguration section */
		C7397D8919E978C200FF9EA3 /* Debug */ = {
			isa = XCBuildConfiguration;
			buildSettings = {
				ALWAYS_SEARCH_USER_PATHS = NO;
				CLANG_CXX_LANGUAGE_STANDARD = "gnu++0x";
				CLANG_CXX_LIBRARY = "libc++";
				CLANG_ENABLE_MODULES = YES;
				CLANG_ENABLE_OBJC_ARC = YES;
				CLANG_WARN_BOOL_CONVERSION = YES;
				CLANG_WARN_CONSTANT_CONVERSION = YES;
				CLANG_WARN_DIRECT_OBJC_ISA_USAGE = YES_ERROR;
				CLANG_WARN_EMPTY_BODY = YES;
				CLANG_WARN_ENUM_CONVERSION = YES;
				CLANG_WARN_INT_CONVERSION = YES;
				CLANG_WARN_OBJC_ROOT_CLASS = YES_ERROR;
				CLANG_WARN_UNREACHABLE_CODE = YES;
				CLANG_WARN__DUPLICATE_METHOD_MATCH = YES;
				CODE_SIGN_IDENTITY = "-";
				COPY_PHASE_STRIP = NO;
				ENABLE_STRICT_OBJC_MSGSEND = YES;
				GCC_C_LANGUAGE_STANDARD = gnu99;
				GCC_DYNAMIC_NO_PIC = NO;
				GCC_OPTIMIZATION_LEVEL = 0;
				GCC_PREPROCESSOR_DEFINITIONS = (
					"DEBUG=1",
					"$(inherited)",
				);
				GCC_SYMBOLS_PRIVATE_EXTERN = NO;
				GCC_WARN_64_TO_32_BIT_CONVERSION = YES;
				GCC_WARN_ABOUT_RETURN_TYPE = YES_ERROR;
				GCC_WARN_UNDECLARED_SELECTOR = YES;
				GCC_WARN_UNINITIALIZED_AUTOS = YES_AGGRESSIVE;
				GCC_WARN_UNUSED_FUNCTION = YES;
				GCC_WARN_UNUSED_VARIABLE = YES;
				MACOSX_DEPLOYMENT_TARGET = 10.9;
				MTL_ENABLE_DEBUG_INFO = YES;
				ONLY_ACTIVE_ARCH = YES;
				SDKROOT = macosx;
			};
			name = Debug;
		};
		C7397D8A19E978C200FF9EA3 /* Release */ = {
			isa = XCBuildConfiguration;
			buildSettings = {
				ALWAYS_SEARCH_USER_PATHS = NO;
				CLANG_CXX_LANGUAGE_STANDARD = "gnu++0x";
				CLANG_CXX_LIBRARY = "libc++";
				CLANG_ENABLE_MODULES = YES;
				CLANG_ENABLE_OBJC_ARC = YES;
				CLANG_WARN_BOOL_CONVERSION = YES;
				CLANG_WARN_CONSTANT_CONVERSION = YES;
				CLANG_WARN_DIRECT_OBJC_ISA_USAGE = YES_ERROR;
				CLANG_WARN_EMPTY_BODY = YES;
				CLANG_WARN_ENUM_CONVERSION = YES;
				CLANG_WARN_INT_CONVERSION = YES;
				CLANG_WARN_OBJC_ROOT_CLASS = YES_ERROR;
				CLANG_WARN_UNREACHABLE_CODE = YES;
				CLANG_WARN__DUPLICATE_METHOD_MATCH = YES;
				CODE_SIGN_IDENTITY = "-";
				COPY_PHASE_STRIP = YES;
				DEBUG_INFORMATION_FORMAT = "dwarf-with-dsym";
				ENABLE_NS_ASSERTIONS = NO;
				ENABLE_STRICT_OBJC_MSGSEND = YES;
				GCC_C_LANGUAGE_STANDARD = gnu99;
				GCC_WARN_64_TO_32_BIT_CONVERSION = YES;
				GCC_WARN_ABOUT_RETURN_TYPE = YES_ERROR;
				GCC_WARN_UNDECLARED_SELECTOR = YES;
				GCC_WARN_UNINITIALIZED_AUTOS = YES_AGGRESSIVE;
				GCC_WARN_UNUSED_FUNCTION = YES;
				GCC_WARN_UNUSED_VARIABLE = YES;
				MACOSX_DEPLOYMENT_TARGET = 10.9;
				MTL_ENABLE_DEBUG_INFO = NO;
				SDKROOT = macosx;
			};
			name = Release;
		};
		C7397D8C19E978C200FF9EA3 /* Debug */ = {
			isa = XCBuildConfiguration;
			buildSettings = {
				ASSETCATALOG_COMPILER_APPICON_NAME = AppIcon;
				COMBINE_HIDPI_IMAGES = YES;
				INFOPLIST_FILE = HomeKitBridge/Info.plist;
				LD_RUNPATH_SEARCH_PATHS = "$(inherited) @executable_path/../Frameworks";
				PRODUCT_NAME = "$(TARGET_NAME)";
			};
			name = Debug;
		};
		C7397D8D19E978C200FF9EA3 /* Release */ = {
			isa = XCBuildConfiguration;
			buildSettings = {
				ASSETCATALOG_COMPILER_APPICON_NAME = AppIcon;
				COMBINE_HIDPI_IMAGES = YES;
				INFOPLIST_FILE = HomeKitBridge/Info.plist;
				LD_RUNPATH_SEARCH_PATHS = "$(inherited) @executable_path/../Frameworks";
				PRODUCT_NAME = "$(TARGET_NAME)";
			};
			name = Release;
		};
		C7397D8F19E978C200FF9EA3 /* Debug */ = {
			isa = XCBuildConfiguration;
			buildSettings = {
				BUNDLE_LOADER = "$(TEST_HOST)";
				COMBINE_HIDPI_IMAGES = YES;
				FRAMEWORK_SEARCH_PATHS = (
					"$(DEVELOPER_FRAMEWORKS_DIR)",
					"$(inherited)",
				);
				GCC_PREPROCESSOR_DEFINITIONS = (
					"DEBUG=1",
					"$(inherited)",
				);
				INFOPLIST_FILE = HomeKitBridgeTests/Info.plist;
				LD_RUNPATH_SEARCH_PATHS = "$(inherited) @executable_path/../Frameworks @loader_path/../Frameworks";
				PRODUCT_NAME = "$(TARGET_NAME)";
				TEST_HOST = "$(BUILT_PRODUCTS_DIR)/HomeKitBridge.app/Contents/MacOS/HomeKitBridge";
			};
			name = Debug;
		};
		C7397D9019E978C200FF9EA3 /* Release */ = {
			isa = XCBuildConfiguration;
			buildSettings = {
				BUNDLE_LOADER = "$(TEST_HOST)";
				COMBINE_HIDPI_IMAGES = YES;
				FRAMEWORK_SEARCH_PATHS = (
					"$(DEVELOPER_FRAMEWORKS_DIR)",
					"$(inherited)",
				);
				INFOPLIST_FILE = HomeKitBridgeTests/Info.plist;
				LD_RUNPATH_SEARCH_PATHS = "$(inherited) @executable_path/../Frameworks @loader_path/../Frameworks";
				PRODUCT_NAME = "$(TARGET_NAME)";
				TEST_HOST = "$(BUILT_PRODUCTS_DIR)/HomeKitBridge.app/Contents/MacOS/HomeKitBridge";
			};
			name = Release;
		};
/* End XCBuildConfiguration section */

/* Begin XCConfigurationList section */
		C7397D6919E978C100FF9EA3 /* Build configuration list for PBXProject "HomeKitBridge" */ = {
			isa = XCConfigurationList;
			buildConfigurations = (
				C7397D8919E978C200FF9EA3 /* Debug */,
				C7397D8A19E978C200FF9EA3 /* Release */,
			);
			defaultConfigurationIsVisible = 0;
			defaultConfigurationName = Release;
		};
		C7397D8B19E978C200FF9EA3 /* Build configuration list for PBXNativeTarget "HomeKitBridge" */ = {
			isa = XCConfigurationList;
			buildConfigurations = (
				C7397D8C19E978C200FF9EA3 /* Debug */,
				C7397D8D19E978C200FF9EA3 /* Release */,
			);
			defaultConfigurationIsVisible = 0;
		};
		C7397D8E19E978C200FF9EA3 /* Build configuration list for PBXNativeTarget "HomeKitBridgeTests" */ = {
			isa = XCConfigurationList;
			buildConfigurations = (
				C7397D8F19E978C200FF9EA3 /* Debug */,
				C7397D9019E978C200FF9EA3 /* Release */,
			);
			defaultConfigurationIsVisible = 0;
		};
/* End XCConfigurationList section */
	};
	rootObject = C7397D6619E978C100FF9EA3 /* Project object */;
}
