// !$*UTF8*$!
{
	archiveVersion = 1;
	classes = {
	};
	objectVersion = 46;
	objects = {

/* Begin PBXBuildFile section */
		C734C6A819EA104B00D3D2E3 /* Cocoa.framework in Frameworks */ = {isa = PBXBuildFile; fileRef = C734C6A619EA104B00D3D2E3 /* Cocoa.framework */; };
		C734C6A919EA104B00D3D2E3 /* Foundation.framework in Frameworks */ = {isa = PBXBuildFile; fileRef = C734C6A719EA104B00D3D2E3 /* Foundation.framework */; };
		C734C6AB19EA10AC00D3D2E3 /* HAPAccessoryKit.framework in Frameworks */ = {isa = PBXBuildFile; fileRef = C734C6AA19EA10AC00D3D2E3 /* HAPAccessoryKit.framework */; };
		C734C6AC19EA12EE00D3D2E3 /* HAPAccessoryKit.framework in CopyFiles */ = {isa = PBXBuildFile; fileRef = C734C6AA19EA10AC00D3D2E3 /* HAPAccessoryKit.framework */; settings = {ATTRIBUTES = (CodeSignOnCopy, RemoveHeadersOnCopy, ); }; };
		C7397D7419E978C100FF9EA3 /* main.m in Sources */ = {isa = PBXBuildFile; fileRef = C7397D7319E978C100FF9EA3 /* main.m */; };
		C7397D7719E978C100FF9EA3 /* AppDelegate.m in Sources */ = {isa = PBXBuildFile; fileRef = C7397D7619E978C100FF9EA3 /* AppDelegate.m */; };
		C7397D7919E978C100FF9EA3 /* Images.xcassets in Resources */ = {isa = PBXBuildFile; fileRef = C7397D7819E978C100FF9EA3 /* Images.xcassets */; };
		C7397D7C19E978C100FF9EA3 /* MainMenu.xib in Resources */ = {isa = PBXBuildFile; fileRef = C7397D7A19E978C100FF9EA3 /* MainMenu.xib */; };
		C7397D8819E978C200FF9EA3 /* HomeKitBridgeTests.m in Sources */ = {isa = PBXBuildFile; fileRef = C7397D8719E978C200FF9EA3 /* HomeKitBridgeTests.m */; };
		C7397E7C19E9849E00FF9EA3 /* HKBAccessory.m in Sources */ = {isa = PBXBuildFile; fileRef = C7397E7B19E9849E00FF9EA3 /* HKBAccessory.m */; };
		C7397E8019E9859F00FF9EA3 /* HKBLightAccessory.m in Sources */ = {isa = PBXBuildFile; fileRef = C7397E7F19E9859F00FF9EA3 /* HKBLightAccessory.m */; };
		C7397E8219E9F59D00FF9EA3 /* LIFXKit.framework in Frameworks */ = {isa = PBXBuildFile; fileRef = C7397E8119E9F59D00FF9EA3 /* LIFXKit.framework */; };
		C7397E8519E9FC7300FF9EA3 /* LIFXKit.framework in CopyFiles */ = {isa = PBXBuildFile; fileRef = C7397E8119E9F59D00FF9EA3 /* LIFXKit.framework */; settings = {ATTRIBUTES = (CodeSignOnCopy, RemoveHeadersOnCopy, ); }; };
		C786FF211B1BB93900A6A354 /* HKBTransportCache.m in Sources */ = {isa = PBXBuildFile; fileRef = C786FF201B1BB93900A6A354 /* HKBTransportCache.m */; };
		C78BEFE619EB68660005278C /* HKBLightAccessoryLIFX.m in Sources */ = {isa = PBXBuildFile; fileRef = C78BEFE519EB68660005278C /* HKBLightAccessoryLIFX.m */; };
/* End PBXBuildFile section */

/* Begin PBXContainerItemProxy section */
		C7397D8219E978C200FF9EA3 /* PBXContainerItemProxy */ = {
			isa = PBXContainerItemProxy;
			containerPortal = C7397D6619E978C100FF9EA3 /* Project object */;
			proxyType = 1;
			remoteGlobalIDString = C7397D6D19E978C100FF9EA3;
			remoteInfo = HomeKitBridge;
		};
/* End PBXContainerItemProxy section */

/* Begin PBXCopyFilesBuildPhase section */
		C7397E8419E9FC6700FF9EA3 /* CopyFiles */ = {
			isa = PBXCopyFilesBuildPhase;
			buildActionMask = 2147483647;
			dstPath = "";
			dstSubfolderSpec = 10;
			files = (
				C734C6AC19EA12EE00D3D2E3 /* HAPAccessoryKit.framework in CopyFiles */,
				C7397E8519E9FC7300FF9EA3 /* LIFXKit.framework in CopyFiles */,
			);
			runOnlyForDeploymentPostprocessing = 0;
		};
/* End PBXCopyFilesBuildPhase section */

/* Begin PBXFileReference section */
		C734C6A619EA104B00D3D2E3 /* Cocoa.framework */ = {isa = PBXFileReference; lastKnownFileType = wrapper.framework; name = Cocoa.framework; path = System/Library/Frameworks/Cocoa.framework; sourceTree = SDKROOT; };
		C734C6A719EA104B00D3D2E3 /* Foundation.framework */ = {isa = PBXFileReference; lastKnownFileType = wrapper.framework; name = Foundation.framework; path = System/Library/Frameworks/Foundation.framework; sourceTree = SDKROOT; };
		C734C6AA19EA10AC00D3D2E3 /* HAPAccessoryKit.framework */ = {isa = PBXFileReference; lastKnownFileType = wrapper.framework; name = HAPAccessoryKit.framework; path = "../../../../../../../Applications/HomeKit Accessory Simulator.app/Contents/Frameworks/HAPAccessoryKit.framework"; sourceTree = "<group>"; };
		C7397D6E19E978C100FF9EA3 /* HomeKitBridge.app */ = {isa = PBXFileReference; explicitFileType = wrapper.application; includeInIndex = 0; path = HomeKitBridge.app; sourceTree = BUILT_PRODUCTS_DIR; };
		C7397D7219E978C100FF9EA3 /* Info.plist */ = {isa = PBXFileReference; lastKnownFileType = text.plist.xml; path = Info.plist; sourceTree = "<group>"; };
		C7397D7319E978C100FF9EA3 /* main.m */ = {isa = PBXFileReference; lastKnownFileType = sourcecode.c.objc; path = main.m; sourceTree = "<group>"; };
		C7397D7519E978C100FF9EA3 /* AppDelegate.h */ = {isa = PBXFileReference; lastKnownFileType = sourcecode.c.h; path = AppDelegate.h; sourceTree = "<group>"; };
		C7397D7619E978C100FF9EA3 /* AppDelegate.m */ = {isa = PBXFileReference; lastKnownFileType = sourcecode.c.objc; path = AppDelegate.m; sourceTree = "<group>"; };
		C7397D7819E978C100FF9EA3 /* Images.xcassets */ = {isa = PBXFileReference; lastKnownFileType = folder.assetcatalog; path = Images.xcassets; sourceTree = "<group>"; };
		C7397D7B19E978C100FF9EA3 /* Base */ = {isa = PBXFileReference; lastKnownFileType = file.xib; name = Base; path = Base.lproj/MainMenu.xib; sourceTree = "<group>"; };
		C7397D8119E978C200FF9EA3 /* HomeKitBridgeTests.xctest */ = {isa = PBXFileReference; explicitFileType = wrapper.cfbundle; includeInIndex = 0; path = HomeKitBridgeTests.xctest; sourceTree = BUILT_PRODUCTS_DIR; };
		C7397D8619E978C200FF9EA3 /* Info.plist */ = {isa = PBXFileReference; lastKnownFileType = text.plist.xml; path = Info.plist; sourceTree = "<group>"; };
		C7397D8719E978C200FF9EA3 /* HomeKitBridgeTests.m */ = {isa = PBXFileReference; lastKnownFileType = sourcecode.c.objc; path = HomeKitBridgeTests.m; sourceTree = "<group>"; };
		C7397E7A19E9849E00FF9EA3 /* HKBAccessory.h */ = {isa = PBXFileReference; fileEncoding = 4; lastKnownFileType = sourcecode.c.h; path = HKBAccessory.h; sourceTree = "<group>"; };
		C7397E7B19E9849E00FF9EA3 /* HKBAccessory.m */ = {isa = PBXFileReference; fileEncoding = 4; lastKnownFileType = sourcecode.c.objc; path = HKBAccessory.m; sourceTree = "<group>"; };
		C7397E7E19E9859F00FF9EA3 /* HKBLightAccessory.h */ = {isa = PBXFileReference; fileEncoding = 4; lastKnownFileType = sourcecode.c.h; path = HKBLightAccessory.h; sourceTree = "<group>"; };
		C7397E7F19E9859F00FF9EA3 /* HKBLightAccessory.m */ = {isa = PBXFileReference; fileEncoding = 4; lastKnownFileType = sourcecode.c.objc; path = HKBLightAccessory.m; sourceTree = "<group>"; };
		C7397E8119E9F59D00FF9EA3 /* LIFXKit.framework */ = {isa = PBXFileReference; lastKnownFileType = wrapper.framework; path = LIFXKit.framework; sourceTree = "<group>"; };
		C786FE631B1BAE2900A6A354 /* HAKAccessoryKit.h */ = {isa = PBXFileReference; lastKnownFileType = sourcecode.c.h; path = HAKAccessoryKit.h; sourceTree = "<group>"; };
		C786FEBE1B1BAE5900A6A354 /* CBPeripheralManagerDelegate-Protocol.h */ = {isa = PBXFileReference; lastKnownFileType = sourcecode.c.h; path = "CBPeripheralManagerDelegate-Protocol.h"; sourceTree = "<group>"; };
		C786FEBF1B1BAE5900A6A354 /* CDStructures.h */ = {isa = PBXFileReference; lastKnownFileType = sourcecode.c.h; path = CDStructures.h; sourceTree = "<group>"; };
		C786FEC01B1BAE5900A6A354 /* HAKAccessory.h */ = {isa = PBXFileReference; lastKnownFileType = sourcecode.c.h; path = HAKAccessory.h; sourceTree = "<group>"; };
		C786FEC11B1BAE5900A6A354 /* HAKAccessoryDelegate-Protocol.h */ = {isa = PBXFileReference; lastKnownFileType = sourcecode.c.h; path = "HAKAccessoryDelegate-Protocol.h"; sourceTree = "<group>"; };
		C786FEC21B1BAE5900A6A354 /* HAKAccessoryInformationService.h */ = {isa = PBXFileReference; lastKnownFileType = sourcecode.c.h; path = HAKAccessoryInformationService.h; sourceTree = "<group>"; };
		C786FEC31B1BAE5900A6A354 /* HAKAccessoryKeychainObject.h */ = {isa = PBXFileReference; lastKnownFileType = sourcecode.c.h; path = HAKAccessoryKeychainObject.h; sourceTree = "<group>"; };
		C786FEC51B1BAE5900A6A354 /* HAKAddPairingSession.h */ = {isa = PBXFileReference; lastKnownFileType = sourcecode.c.h; path = HAKAddPairingSession.h; sourceTree = "<group>"; };
		C786FEC61B1BAE5900A6A354 /* HAKAddPairingSessionDelegate-Protocol.h */ = {isa = PBXFileReference; lastKnownFileType = sourcecode.c.h; path = "HAKAddPairingSessionDelegate-Protocol.h"; sourceTree = "<group>"; };
		C786FEC71B1BAE5900A6A354 /* HAKBTLEConnection.h */ = {isa = PBXFileReference; lastKnownFileType = sourcecode.c.h; path = HAKBTLEConnection.h; sourceTree = "<group>"; };
		C786FEC81B1BAE5900A6A354 /* HAKBTLESecuritySession.h */ = {isa = PBXFileReference; lastKnownFileType = sourcecode.c.h; path = HAKBTLESecuritySession.h; sourceTree = "<group>"; };
		C786FEC91B1BAE5900A6A354 /* HAKBTLETransport.h */ = {isa = PBXFileReference; lastKnownFileType = sourcecode.c.h; path = HAKBTLETransport.h; sourceTree = "<group>"; };
		C786FECA1B1BAE5900A6A354 /* HAKChaCha20.h */ = {isa = PBXFileReference; lastKnownFileType = sourcecode.c.h; path = HAKChaCha20.h; sourceTree = "<group>"; };
		C786FECB1B1BAE5900A6A354 /* HAKChaCha20Poly1305.h */ = {isa = PBXFileReference; lastKnownFileType = sourcecode.c.h; path = HAKChaCha20Poly1305.h; sourceTree = "<group>"; };
		C786FECC1B1BAE5900A6A354 /* HAKChaChaPolyData.h */ = {isa = PBXFileReference; lastKnownFileType = sourcecode.c.h; path = HAKChaChaPolyData.h; sourceTree = "<group>"; };
		C786FECD1B1BAE5900A6A354 /* HAKCharacteristic.h */ = {isa = PBXFileReference; lastKnownFileType = sourcecode.c.h; path = HAKCharacteristic.h; sourceTree = "<group>"; };
		C786FECE1B1BAE5900A6A354 /* HAKCharacteristicMetadata.h */ = {isa = PBXFileReference; lastKnownFileType = sourcecode.c.h; path = HAKCharacteristicMetadata.h; sourceTree = "<group>"; };
		C786FECF1B1BAE5900A6A354 /* HAKCharacteristicReadRequest.h */ = {isa = PBXFileReference; lastKnownFileType = sourcecode.c.h; path = HAKCharacteristicReadRequest.h; sourceTree = "<group>"; };
		C786FED01B1BAE5900A6A354 /* HAKCharacteristicReadResponse.h */ = {isa = PBXFileReference; lastKnownFileType = sourcecode.c.h; path = HAKCharacteristicReadResponse.h; sourceTree = "<group>"; };
		C786FED11B1BAE5900A6A354 /* HAKCharacteristicRequest.h */ = {isa = PBXFileReference; lastKnownFileType = sourcecode.c.h; path = HAKCharacteristicRequest.h; sourceTree = "<group>"; };
		C786FED21B1BAE5900A6A354 /* HAKCharacteristicResponse.h */ = {isa = PBXFileReference; lastKnownFileType = sourcecode.c.h; path = HAKCharacteristicResponse.h; sourceTree = "<group>"; };
		C786FED31B1BAE5900A6A354 /* HAKCharacteristicWriteRequest.h */ = {isa = PBXFileReference; lastKnownFileType = sourcecode.c.h; path = HAKCharacteristicWriteRequest.h; sourceTree = "<group>"; };
		C786FED41B1BAE5900A6A354 /* HAKCharacteristicWriteResponse.h */ = {isa = PBXFileReference; lastKnownFileType = sourcecode.c.h; path = HAKCharacteristicWriteResponse.h; sourceTree = "<group>"; };
		C786FED51B1BAE5900A6A354 /* HAKConnection.h */ = {isa = PBXFileReference; lastKnownFileType = sourcecode.c.h; path = HAKConnection.h; sourceTree = "<group>"; };
		C786FED61B1BAE5900A6A354 /* HAKConnectionDelegate-Protocol.h */ = {isa = PBXFileReference; lastKnownFileType = sourcecode.c.h; path = "HAKConnectionDelegate-Protocol.h"; sourceTree = "<group>"; };
		C786FED71B1BAE5900A6A354 /* HAKConstraintsFactory.h */ = {isa = PBXFileReference; lastKnownFileType = sourcecode.c.h; path = HAKConstraintsFactory.h; sourceTree = "<group>"; };
		C786FED81B1BAE5900A6A354 /* HAKControllerKeychainObject.h */ = {isa = PBXFileReference; lastKnownFileType = sourcecode.c.h; path = HAKControllerKeychainObject.h; sourceTree = "<group>"; };
		C786FED91B1BAE5900A6A354 /* HAKCurve25519.h */ = {isa = PBXFileReference; lastKnownFileType = sourcecode.c.h; path = HAKCurve25519.h; sourceTree = "<group>"; };
		C786FEDA1B1BAE5900A6A354 /* HAKEnumerationConstraints.h */ = {isa = PBXFileReference; lastKnownFileType = sourcecode.c.h; path = HAKEnumerationConstraints.h; sourceTree = "<group>"; };
		C786FEDB1B1BAE5900A6A354 /* HAKHKDF.h */ = {isa = PBXFileReference; lastKnownFileType = sourcecode.c.h; path = HAKHKDF.h; sourceTree = "<group>"; };
		C786FEDC1B1BAE5900A6A354 /* HAKHTTPMessage.h */ = {isa = PBXFileReference; lastKnownFileType = sourcecode.c.h; path = HAKHTTPMessage.h; sourceTree = "<group>"; };
		C786FEDD1B1BAE5900A6A354 /* HAKHTTPRequestMessage.h */ = {isa = PBXFileReference; lastKnownFileType = sourcecode.c.h; path = HAKHTTPRequestMessage.h; sourceTree = "<group>"; };
		C786FEDE1B1BAE5900A6A354 /* HAKHTTPResponseMessage.h */ = {isa = PBXFileReference; lastKnownFileType = sourcecode.c.h; path = HAKHTTPResponseMessage.h; sourceTree = "<group>"; };
		C786FEDF1B1BAE5900A6A354 /* HAKIdentifier.h */ = {isa = PBXFileReference; lastKnownFileType = sourcecode.c.h; path = HAKIdentifier.h; sourceTree = "<group>"; };
		C786FEE01B1BAE5900A6A354 /* HAKIdentifyCharacteristic.h */ = {isa = PBXFileReference; lastKnownFileType = sourcecode.c.h; path = HAKIdentifyCharacteristic.h; sourceTree = "<group>"; };
		C786FEE11B1BAE5900A6A354 /* HAKInstanceIDPool.h */ = {isa = PBXFileReference; lastKnownFileType = sourcecode.c.h; path = HAKInstanceIDPool.h; sourceTree = "<group>"; };
		C786FEE21B1BAE5900A6A354 /* HAKIPCharacteristicReadRequest.h */ = {isa = PBXFileReference; lastKnownFileType = sourcecode.c.h; path = HAKIPCharacteristicReadRequest.h; sourceTree = "<group>"; };
		C786FEE31B1BAE5900A6A354 /* HAKIPConnection.h */ = {isa = PBXFileReference; lastKnownFileType = sourcecode.c.h; path = HAKIPConnection.h; sourceTree = "<group>"; };
		C786FEE41B1BAE5900A6A354 /* HAKIPConnectionDelegate-Protocol.h */ = {isa = PBXFileReference; lastKnownFileType = sourcecode.c.h; path = "HAKIPConnectionDelegate-Protocol.h"; sourceTree = "<group>"; };
		C786FEE51B1BAE5900A6A354 /* HAKIPSecuritySession.h */ = {isa = PBXFileReference; lastKnownFileType = sourcecode.c.h; path = HAKIPSecuritySession.h; sourceTree = "<group>"; };
		C786FEE61B1BAE5900A6A354 /* HAKIPTransport.h */ = {isa = PBXFileReference; lastKnownFileType = sourcecode.c.h; path = HAKIPTransport.h; sourceTree = "<group>"; };
		C786FEE71B1BAE5900A6A354 /* HAKKeychainKey.h */ = {isa = PBXFileReference; lastKnownFileType = sourcecode.c.h; path = HAKKeychainKey.h; sourceTree = "<group>"; };
		C786FEE81B1BAE5900A6A354 /* HAKKeychainService.h */ = {isa = PBXFileReference; lastKnownFileType = sourcecode.c.h; path = HAKKeychainService.h; sourceTree = "<group>"; };
		C786FEE91B1BAE5900A6A354 /* HAKListPairingsSession.h */ = {isa = PBXFileReference; lastKnownFileType = sourcecode.c.h; path = HAKListPairingsSession.h; sourceTree = "<group>"; };
		C786FEEA1B1BAE5900A6A354 /* HAKListPairingsSessionDataSource-Protocol.h */ = {isa = PBXFileReference; lastKnownFileType = sourcecode.c.h; path = "HAKListPairingsSessionDataSource-Protocol.h"; sourceTree = "<group>"; };
		C786FEEB1B1BAE5900A6A354 /* HAKListPairingsSessionDelegate-Protocol.h */ = {isa = PBXFileReference; lastKnownFileType = sourcecode.c.h; path = "HAKListPairingsSessionDelegate-Protocol.h"; sourceTree = "<group>"; };
		C786FEEC1B1BAE5900A6A354 /* HAKLogger.h */ = {isa = PBXFileReference; lastKnownFileType = sourcecode.c.h; path = HAKLogger.h; sourceTree = "<group>"; };
		C786FEED1B1BAE5900A6A354 /* HAKMetadata.h */ = {isa = PBXFileReference; lastKnownFileType = sourcecode.c.h; path = HAKMetadata.h; sourceTree = "<group>"; };
		C786FEEE1B1BAE5900A6A354 /* HAKMetadataService.h */ = {isa = PBXFileReference; lastKnownFileType = sourcecode.c.h; path = HAKMetadataService.h; sourceTree = "<group>"; };
		C786FEEF1B1BAE5900A6A354 /* HAKNetService.h */ = {isa = PBXFileReference; lastKnownFileType = sourcecode.c.h; path = HAKNetService.h; sourceTree = "<group>"; };
		C786FEF01B1BAE5900A6A354 /* HAKNumberConstraints.h */ = {isa = PBXFileReference; lastKnownFileType = sourcecode.c.h; path = HAKNumberConstraints.h; sourceTree = "<group>"; };
		C786FEF11B1BAE5900A6A354 /* HAKPairing.h */ = {isa = PBXFileReference; lastKnownFileType = sourcecode.c.h; path = HAKPairing.h; sourceTree = "<group>"; };
		C786FEF21B1BAE5900A6A354 /* HAKPairingCharacteristic.h */ = {isa = PBXFileReference; lastKnownFileType = sourcecode.c.h; path = HAKPairingCharacteristic.h; sourceTree = "<group>"; };
		C786FEF31B1BAE5900A6A354 /* HAKPairingsCharacteristic.h */ = {isa = PBXFileReference; lastKnownFileType = sourcecode.c.h; path = HAKPairingsCharacteristic.h; sourceTree = "<group>"; };
		C786FEF41B1BAE5900A6A354 /* HAKPairingService.h */ = {isa = PBXFileReference; lastKnownFileType = sourcecode.c.h; path = HAKPairingService.h; sourceTree = "<group>"; };
		C786FEF51B1BAE5900A6A354 /* HAKPairingSession.h */ = {isa = PBXFileReference; lastKnownFileType = sourcecode.c.h; path = HAKPairingSession.h; sourceTree = "<group>"; };
		C786FEF61B1BAE5900A6A354 /* HAKPairingSessionDelegate-Protocol.h */ = {isa = PBXFileReference; lastKnownFileType = sourcecode.c.h; path = "HAKPairingSessionDelegate-Protocol.h"; sourceTree = "<group>"; };
		C786FEF71B1BAE5900A6A354 /* HAKPairSetupCharacteristic.h */ = {isa = PBXFileReference; lastKnownFileType = sourcecode.c.h; path = HAKPairSetupCharacteristic.h; sourceTree = "<group>"; };
		C786FEF81B1BAE5900A6A354 /* HAKPairSetupSession.h */ = {isa = PBXFileReference; lastKnownFileType = sourcecode.c.h; path = HAKPairSetupSession.h; sourceTree = "<group>"; };
		C786FEF91B1BAE5900A6A354 /* HAKPairSetupSessionDelegate-Protocol.h */ = {isa = PBXFileReference; lastKnownFileType = sourcecode.c.h; path = "HAKPairSetupSessionDelegate-Protocol.h"; sourceTree = "<group>"; };
		C786FEFA1B1BAE5900A6A354 /* HAKPairVerifyCharacteristic.h */ = {isa = PBXFileReference; lastKnownFileType = sourcecode.c.h; path = HAKPairVerifyCharacteristic.h; sourceTree = "<group>"; };
		C786FEFB1B1BAE5900A6A354 /* HAKPairVerifySession.h */ = {isa = PBXFileReference; lastKnownFileType = sourcecode.c.h; path = HAKPairVerifySession.h; sourceTree = "<group>"; };
		C786FEFC1B1BAE5900A6A354 /* HAKPairVerifySessionDelegate-Protocol.h */ = {isa = PBXFileReference; lastKnownFileType = sourcecode.c.h; path = "HAKPairVerifySessionDelegate-Protocol.h"; sourceTree = "<group>"; };
		C786FEFD1B1BAE5900A6A354 /* HAKPoly1305.h */ = {isa = PBXFileReference; lastKnownFileType = sourcecode.c.h; path = HAKPoly1305.h; sourceTree = "<group>"; };
		C786FEFE1B1BAE5900A6A354 /* HAKRemovePairingSession.h */ = {isa = PBXFileReference; lastKnownFileType = sourcecode.c.h; path = HAKRemovePairingSession.h; sourceTree = "<group>"; };
		C786FEFF1B1BAE5900A6A354 /* HAKRemovePairingSessionDelegate-Protocol.h */ = {isa = PBXFileReference; lastKnownFileType = sourcecode.c.h; path = "HAKRemovePairingSessionDelegate-Protocol.h"; sourceTree = "<group>"; };
		C786FF001B1BAE5900A6A354 /* HAKSecuritySession.h */ = {isa = PBXFileReference; lastKnownFileType = sourcecode.c.h; path = HAKSecuritySession.h; sourceTree = "<group>"; };
		C786FF011B1BAE5900A6A354 /* HAKSecuritySessionPacket.h */ = {isa = PBXFileReference; lastKnownFileType = sourcecode.c.h; path = HAKSecuritySessionPacket.h; sourceTree = "<group>"; };
		C786FF021B1BAE5900A6A354 /* HAKService.h */ = {isa = PBXFileReference; lastKnownFileType = sourcecode.c.h; path = HAKService.h; sourceTree = "<group>"; };
		C786FF031B1BAE5900A6A354 /* HAKServiceDelegate-Protocol.h */ = {isa = PBXFileReference; lastKnownFileType = sourcecode.c.h; path = "HAKServiceDelegate-Protocol.h"; sourceTree = "<group>"; };
		C786FF041B1BAE5900A6A354 /* HAKServiceMetadata.h */ = {isa = PBXFileReference; lastKnownFileType = sourcecode.c.h; path = HAKServiceMetadata.h; sourceTree = "<group>"; };
		C786FF051B1BAE5900A6A354 /* HAKSocket.h */ = {isa = PBXFileReference; lastKnownFileType = sourcecode.c.h; path = HAKSocket.h; sourceTree = "<group>"; };
		C786FF061B1BAE5900A6A354 /* HAKSocketDelegate-Protocol.h */ = {isa = PBXFileReference; lastKnownFileType = sourcecode.c.h; path = "HAKSocketDelegate-Protocol.h"; sourceTree = "<group>"; };
		C786FF071B1BAE5900A6A354 /* HAKStringConstraints.h */ = {isa = PBXFileReference; lastKnownFileType = sourcecode.c.h; path = HAKStringConstraints.h; sourceTree = "<group>"; };
		C786FF081B1BAE5900A6A354 /* HAKTLV8Container.h */ = {isa = PBXFileReference; lastKnownFileType = sourcecode.c.h; path = HAKTLV8Container.h; sourceTree = "<group>"; };
		C786FF091B1BAE5900A6A354 /* HAKTLV8Packet.h */ = {isa = PBXFileReference; lastKnownFileType = sourcecode.c.h; path = HAKTLV8Packet.h; sourceTree = "<group>"; };
		C786FF0A1B1BAE5900A6A354 /* HAKTransport.h */ = {isa = PBXFileReference; lastKnownFileType = sourcecode.c.h; path = HAKTransport.h; sourceTree = "<group>"; };
		C786FF0B1B1BAE5900A6A354 /* HAKUUID.h */ = {isa = PBXFileReference; lastKnownFileType = sourcecode.c.h; path = HAKUUID.h; sourceTree = "<group>"; };
		C786FF0C1B1BAE5900A6A354 /* HAKValueConstraints.h */ = {isa = PBXFileReference; lastKnownFileType = sourcecode.c.h; path = HAKValueConstraints.h; sourceTree = "<group>"; };
		C786FF0F1B1BAE5900A6A354 /* NSCoding-Protocol.h */ = {isa = PBXFileReference; lastKnownFileType = sourcecode.c.h; path = "NSCoding-Protocol.h"; sourceTree = "<group>"; };
		C786FF101B1BAE5900A6A354 /* NSCopying-Protocol.h */ = {isa = PBXFileReference; lastKnownFileType = sourcecode.c.h; path = "NSCopying-Protocol.h"; sourceTree = "<group>"; };
		C786FF111B1BAE5900A6A354 /* NSData-Enumeration.h */ = {isa = PBXFileReference; lastKnownFileType = sourcecode.c.h; path = "NSData-Enumeration.h"; sourceTree = "<group>"; };
		C786FF121B1BAE5900A6A354 /* NSData-HAKChaChaPoly.h */ = {isa = PBXFileReference; lastKnownFileType = sourcecode.c.h; path = "NSData-HAKChaChaPoly.h"; sourceTree = "<group>"; };
		C786FF131B1BAE5900A6A354 /* NSDictionary-HAK.h */ = {isa = PBXFileReference; lastKnownFileType = sourcecode.c.h; path = "NSDictionary-HAK.h"; sourceTree = "<group>"; };
		C786FF141B1BAE5900A6A354 /* NSDictionary-Safe.h */ = {isa = PBXFileReference; lastKnownFileType = sourcecode.c.h; path = "NSDictionary-Safe.h"; sourceTree = "<group>"; };
		C786FF151B1BAE5900A6A354 /* NSError-HAKError.h */ = {isa = PBXFileReference; lastKnownFileType = sourcecode.c.h; path = "NSError-HAKError.h"; sourceTree = "<group>"; };
		C786FF161B1BAE5900A6A354 /* NSFileManager-HAK.h */ = {isa = PBXFileReference; lastKnownFileType = sourcecode.c.h; path = "NSFileManager-HAK.h"; sourceTree = "<group>"; };
		C786FF171B1BAE5900A6A354 /* NSMapTable-HAK.h */ = {isa = PBXFileReference; lastKnownFileType = sourcecode.c.h; path = "NSMapTable-HAK.h"; sourceTree = "<group>"; };
		C786FF181B1BAE5900A6A354 /* NSNetServiceDelegate-Protocol.h */ = {isa = PBXFileReference; lastKnownFileType = sourcecode.c.h; path = "NSNetServiceDelegate-Protocol.h"; sourceTree = "<group>"; };
		C786FF191B1BAE5900A6A354 /* NSNumber-HAK.h */ = {isa = PBXFileReference; lastKnownFileType = sourcecode.c.h; path = "NSNumber-HAK.h"; sourceTree = "<group>"; };
		C786FF1A1B1BAE5900A6A354 /* NSObject-Protocol.h */ = {isa = PBXFileReference; lastKnownFileType = sourcecode.c.h; path = "NSObject-Protocol.h"; sourceTree = "<group>"; };
		C786FF1B1B1BAE5900A6A354 /* NSStreamDelegate-Protocol.h */ = {isa = PBXFileReference; lastKnownFileType = sourcecode.c.h; path = "NSStreamDelegate-Protocol.h"; sourceTree = "<group>"; };
		C786FF1C1B1BAE5900A6A354 /* NSString-NSData.h */ = {isa = PBXFileReference; lastKnownFileType = sourcecode.c.h; path = "NSString-NSData.h"; sourceTree = "<group>"; };
		C786FF1D1B1BAE5900A6A354 /* NSURL-Query.h */ = {isa = PBXFileReference; lastKnownFileType = sourcecode.c.h; path = "NSURL-Query.h"; sourceTree = "<group>"; };
		C786FF1E1B1BAE5900A6A354 /* NSUserDefaults-HAK.h */ = {isa = PBXFileReference; lastKnownFileType = sourcecode.c.h; path = "NSUserDefaults-HAK.h"; sourceTree = "<group>"; };
		C786FF1F1B1BB93900A6A354 /* HKBTransportCache.h */ = {isa = PBXFileReference; fileEncoding = 4; lastKnownFileType = sourcecode.c.h; path = HKBTransportCache.h; sourceTree = "<group>"; };
		C786FF201B1BB93900A6A354 /* HKBTransportCache.m */ = {isa = PBXFileReference; fileEncoding = 4; lastKnownFileType = sourcecode.c.objc; path = HKBTransportCache.m; sourceTree = "<group>"; };
		C78BEFE419EB68660005278C /* HKBLightAccessoryLIFX.h */ = {isa = PBXFileReference; fileEncoding = 4; lastKnownFileType = sourcecode.c.h; name = HKBLightAccessoryLIFX.h; path = LIFX/HKBLightAccessoryLIFX.h; sourceTree = "<group>"; };
		C78BEFE519EB68660005278C /* HKBLightAccessoryLIFX.m */ = {isa = PBXFileReference; fileEncoding = 4; lastKnownFileType = sourcecode.c.objc; name = HKBLightAccessoryLIFX.m; path = LIFX/HKBLightAccessoryLIFX.m; sourceTree = "<group>"; };
		C78BEFE719EB6B1C0005278C /* HKBLightAccessory+Subclass.h */ = {isa = PBXFileReference; lastKnownFileType = sourcecode.c.h; path = "HKBLightAccessory+Subclass.h"; sourceTree = "<group>"; };
/* End PBXFileReference section */

/* Begin PBXFrameworksBuildPhase section */
		C7397D6B19E978C100FF9EA3 /* Frameworks */ = {
			isa = PBXFrameworksBuildPhase;
			buildActionMask = 2147483647;
			files = (
				C734C6A819EA104B00D3D2E3 /* Cocoa.framework in Frameworks */,
				C734C6A919EA104B00D3D2E3 /* Foundation.framework in Frameworks */,
				C734C6AB19EA10AC00D3D2E3 /* HAPAccessoryKit.framework in Frameworks */,
				C7397E8219E9F59D00FF9EA3 /* LIFXKit.framework in Frameworks */,
			);
			runOnlyForDeploymentPostprocessing = 0;
		};
		C7397D7E19E978C200FF9EA3 /* Frameworks */ = {
			isa = PBXFrameworksBuildPhase;
			buildActionMask = 2147483647;
			files = (
			);
			runOnlyForDeploymentPostprocessing = 0;
		};
/* End PBXFrameworksBuildPhase section */

/* Begin PBXGroup section */
		C7397D6519E978C100FF9EA3 = {
			isa = PBXGroup;
			children = (
				C7397D7019E978C100FF9EA3 /* HomeKitBridge */,
				C7397D8419E978C200FF9EA3 /* HomeKitBridgeTests */,
				C7397D6F19E978C100FF9EA3 /* Products */,
			);
			sourceTree = "<group>";
		};
		C7397D6F19E978C100FF9EA3 /* Products */ = {
			isa = PBXGroup;
			children = (
				C7397D6E19E978C100FF9EA3 /* HomeKitBridge.app */,
				C7397D8119E978C200FF9EA3 /* HomeKitBridgeTests.xctest */,
			);
			name = Products;
			sourceTree = "<group>";
		};
		C7397D7019E978C100FF9EA3 /* HomeKitBridge */ = {
			isa = PBXGroup;
			children = (
				C7397D7519E978C100FF9EA3 /* AppDelegate.h */,
				C7397D7619E978C100FF9EA3 /* AppDelegate.m */,
				C7397E7919E9834800FF9EA3 /* HomeKit */,
				C7397D7819E978C100FF9EA3 /* Images.xcassets */,
				C7397D7A19E978C100FF9EA3 /* MainMenu.xib */,
				C7397D7119E978C100FF9EA3 /* Supporting Files */,
			);
			path = HomeKitBridge;
			sourceTree = "<group>";
		};
		C7397D7119E978C100FF9EA3 /* Supporting Files */ = {
			isa = PBXGroup;
			children = (
				C7397D9119E97CE100FF9EA3 /* Frameworks */,
				C7397D7219E978C100FF9EA3 /* Info.plist */,
				C7397D7319E978C100FF9EA3 /* main.m */,
			);
			name = "Supporting Files";
			sourceTree = "<group>";
		};
		C7397D8419E978C200FF9EA3 /* HomeKitBridgeTests */ = {
			isa = PBXGroup;
			children = (
				C7397D8719E978C200FF9EA3 /* HomeKitBridgeTests.m */,
				C7397D8519E978C200FF9EA3 /* Supporting Files */,
			);
			path = HomeKitBridgeTests;
			sourceTree = "<group>";
		};
		C7397D8519E978C200FF9EA3 /* Supporting Files */ = {
			isa = PBXGroup;
			children = (
				C7397D8619E978C200FF9EA3 /* Info.plist */,
			);
			name = "Supporting Files";
			sourceTree = "<group>";
		};
		C7397D9119E97CE100FF9EA3 /* Frameworks */ = {
			isa = PBXGroup;
			children = (
				C7397E0519E97F6500FF9EA3 /* HAPAccessoryKit Headers */,
				C734C6AA19EA10AC00D3D2E3 /* HAPAccessoryKit.framework */,
				C734C6A619EA104B00D3D2E3 /* Cocoa.framework */,
				C734C6A719EA104B00D3D2E3 /* Foundation.framework */,
			);
			name = Frameworks;
			sourceTree = "<group>";
		};
		C7397E0519E97F6500FF9EA3 /* HAPAccessoryKit Headers */ = {
			isa = PBXGroup;
			children = (
				C786FE631B1BAE2900A6A354 /* HAKAccessoryKit.h */,
				C786FEBE1B1BAE5900A6A354 /* CBPeripheralManagerDelegate-Protocol.h */,
				C786FEBF1B1BAE5900A6A354 /* CDStructures.h */,
				C786FEC01B1BAE5900A6A354 /* HAKAccessory.h */,
				C786FEC11B1BAE5900A6A354 /* HAKAccessoryDelegate-Protocol.h */,
				C786FEC21B1BAE5900A6A354 /* HAKAccessoryInformationService.h */,
				C786FEC31B1BAE5900A6A354 /* HAKAccessoryKeychainObject.h */,
				C786FEC51B1BAE5900A6A354 /* HAKAddPairingSession.h */,
				C786FEC61B1BAE5900A6A354 /* HAKAddPairingSessionDelegate-Protocol.h */,
				C786FEC71B1BAE5900A6A354 /* HAKBTLEConnection.h */,
				C786FEC81B1BAE5900A6A354 /* HAKBTLESecuritySession.h */,
				C786FEC91B1BAE5900A6A354 /* HAKBTLETransport.h */,
				C786FECA1B1BAE5900A6A354 /* HAKChaCha20.h */,
				C786FECB1B1BAE5900A6A354 /* HAKChaCha20Poly1305.h */,
				C786FECC1B1BAE5900A6A354 /* HAKChaChaPolyData.h */,
				C786FECD1B1BAE5900A6A354 /* HAKCharacteristic.h */,
				C786FECE1B1BAE5900A6A354 /* HAKCharacteristicMetadata.h */,
				C786FECF1B1BAE5900A6A354 /* HAKCharacteristicReadRequest.h */,
				C786FED01B1BAE5900A6A354 /* HAKCharacteristicReadResponse.h */,
				C786FED11B1BAE5900A6A354 /* HAKCharacteristicRequest.h */,
				C786FED21B1BAE5900A6A354 /* HAKCharacteristicResponse.h */,
				C786FED31B1BAE5900A6A354 /* HAKCharacteristicWriteRequest.h */,
				C786FED41B1BAE5900A6A354 /* HAKCharacteristicWriteResponse.h */,
				C786FED51B1BAE5900A6A354 /* HAKConnection.h */,
				C786FED61B1BAE5900A6A354 /* HAKConnectionDelegate-Protocol.h */,
				C786FED71B1BAE5900A6A354 /* HAKConstraintsFactory.h */,
				C786FED81B1BAE5900A6A354 /* HAKControllerKeychainObject.h */,
				C786FED91B1BAE5900A6A354 /* HAKCurve25519.h */,
				C786FEDA1B1BAE5900A6A354 /* HAKEnumerationConstraints.h */,
				C786FEDB1B1BAE5900A6A354 /* HAKHKDF.h */,
				C786FEDC1B1BAE5900A6A354 /* HAKHTTPMessage.h */,
				C786FEDD1B1BAE5900A6A354 /* HAKHTTPRequestMessage.h */,
				C786FEDE1B1BAE5900A6A354 /* HAKHTTPResponseMessage.h */,
				C786FEDF1B1BAE5900A6A354 /* HAKIdentifier.h */,
				C786FEE01B1BAE5900A6A354 /* HAKIdentifyCharacteristic.h */,
				C786FEE11B1BAE5900A6A354 /* HAKInstanceIDPool.h */,
				C786FEE21B1BAE5900A6A354 /* HAKIPCharacteristicReadRequest.h */,
				C786FEE31B1BAE5900A6A354 /* HAKIPConnection.h */,
				C786FEE41B1BAE5900A6A354 /* HAKIPConnectionDelegate-Protocol.h */,
				C786FEE51B1BAE5900A6A354 /* HAKIPSecuritySession.h */,
				C786FEE61B1BAE5900A6A354 /* HAKIPTransport.h */,
				C786FEE71B1BAE5900A6A354 /* HAKKeychainKey.h */,
				C786FEE81B1BAE5900A6A354 /* HAKKeychainService.h */,
				C786FEE91B1BAE5900A6A354 /* HAKListPairingsSession.h */,
				C786FEEA1B1BAE5900A6A354 /* HAKListPairingsSessionDataSource-Protocol.h */,
				C786FEEB1B1BAE5900A6A354 /* HAKListPairingsSessionDelegate-Protocol.h */,
				C786FEEC1B1BAE5900A6A354 /* HAKLogger.h */,
				C786FEED1B1BAE5900A6A354 /* HAKMetadata.h */,
				C786FEEE1B1BAE5900A6A354 /* HAKMetadataService.h */,
				C786FEEF1B1BAE5900A6A354 /* HAKNetService.h */,
				C786FEF01B1BAE5900A6A354 /* HAKNumberConstraints.h */,
				C786FEF11B1BAE5900A6A354 /* HAKPairing.h */,
				C786FEF21B1BAE5900A6A354 /* HAKPairingCharacteristic.h */,
				C786FEF31B1BAE5900A6A354 /* HAKPairingsCharacteristic.h */,
				C786FEF41B1BAE5900A6A354 /* HAKPairingService.h */,
				C786FEF51B1BAE5900A6A354 /* HAKPairingSession.h */,
				C786FEF61B1BAE5900A6A354 /* HAKPairingSessionDelegate-Protocol.h */,
				C786FEF71B1BAE5900A6A354 /* HAKPairSetupCharacteristic.h */,
				C786FEF81B1BAE5900A6A354 /* HAKPairSetupSession.h */,
				C786FEF91B1BAE5900A6A354 /* HAKPairSetupSessionDelegate-Protocol.h */,
				C786FEFA1B1BAE5900A6A354 /* HAKPairVerifyCharacteristic.h */,
				C786FEFB1B1BAE5900A6A354 /* HAKPairVerifySession.h */,
				C786FEFC1B1BAE5900A6A354 /* HAKPairVerifySessionDelegate-Protocol.h */,
				C786FEFD1B1BAE5900A6A354 /* HAKPoly1305.h */,
				C786FEFE1B1BAE5900A6A354 /* HAKRemovePairingSession.h */,
				C786FEFF1B1BAE5900A6A354 /* HAKRemovePairingSessionDelegate-Protocol.h */,
				C786FF001B1BAE5900A6A354 /* HAKSecuritySession.h */,
				C786FF011B1BAE5900A6A354 /* HAKSecuritySessionPacket.h */,
				C786FF021B1BAE5900A6A354 /* HAKService.h */,
				C786FF031B1BAE5900A6A354 /* HAKServiceDelegate-Protocol.h */,
				C786FF041B1BAE5900A6A354 /* HAKServiceMetadata.h */,
				C786FF051B1BAE5900A6A354 /* HAKSocket.h */,
				C786FF061B1BAE5900A6A354 /* HAKSocketDelegate-Protocol.h */,
				C786FF071B1BAE5900A6A354 /* HAKStringConstraints.h */,
				C786FF081B1BAE5900A6A354 /* HAKTLV8Container.h */,
				C786FF091B1BAE5900A6A354 /* HAKTLV8Packet.h */,
				C786FF0A1B1BAE5900A6A354 /* HAKTransport.h */,
				C786FF0B1B1BAE5900A6A354 /* HAKUUID.h */,
				C786FF0C1B1BAE5900A6A354 /* HAKValueConstraints.h */,
				C786FF0F1B1BAE5900A6A354 /* NSCoding-Protocol.h */,
				C786FF101B1BAE5900A6A354 /* NSCopying-Protocol.h */,
				C786FF111B1BAE5900A6A354 /* NSData-Enumeration.h */,
				C786FF121B1BAE5900A6A354 /* NSData-HAKChaChaPoly.h */,
				C786FF131B1BAE5900A6A354 /* NSDictionary-HAK.h */,
				C786FF141B1BAE5900A6A354 /* NSDictionary-Safe.h */,
				C786FF151B1BAE5900A6A354 /* NSError-HAKError.h */,
				C786FF161B1BAE5900A6A354 /* NSFileManager-HAK.h */,
				C786FF171B1BAE5900A6A354 /* NSMapTable-HAK.h */,
				C786FF181B1BAE5900A6A354 /* NSNetServiceDelegate-Protocol.h */,
				C786FF191B1BAE5900A6A354 /* NSNumber-HAK.h */,
				C786FF1A1B1BAE5900A6A354 /* NSObject-Protocol.h */,
				C786FF1B1B1BAE5900A6A354 /* NSStreamDelegate-Protocol.h */,
				C786FF1C1B1BAE5900A6A354 /* NSString-NSData.h */,
				C786FF1D1B1BAE5900A6A354 /* NSURL-Query.h */,
				C786FF1E1B1BAE5900A6A354 /* NSUserDefaults-HAK.h */,
			);
			path = "HAPAccessoryKit Headers";
			sourceTree = SOURCE_ROOT;
		};
		C7397E7919E9834800FF9EA3 /* HomeKit */ = {
			isa = PBXGroup;
			children = (
				C786FF1F1B1BB93900A6A354 /* HKBTransportCache.h */,
				C786FF201B1BB93900A6A354 /* HKBTransportCache.m */,
				C7397E7A19E9849E00FF9EA3 /* HKBAccessory.h */,
				C7397E7B19E9849E00FF9EA3 /* HKBAccessory.m */,
				C78BEFE719EB6B1C0005278C /* HKBLightAccessory+Subclass.h */,
				C7397E7E19E9859F00FF9EA3 /* HKBLightAccessory.h */,
				C7397E7F19E9859F00FF9EA3 /* HKBLightAccessory.m */,
				C78BEFE319EB681E0005278C /* LIFX */,
			);
			name = HomeKit;
			sourceTree = "<group>";
		};
		C78BEFE319EB681E0005278C /* LIFX */ = {
			isa = PBXGroup;
			children = (
				C7397E8119E9F59D00FF9EA3 /* LIFXKit.framework */,
				C78BEFE419EB68660005278C /* HKBLightAccessoryLIFX.h */,
				C78BEFE519EB68660005278C /* HKBLightAccessoryLIFX.m */,
			);
			name = LIFX;
			sourceTree = "<group>";
		};
/* End PBXGroup section */

/* Begin PBXNativeTarget section */
		C7397D6D19E978C100FF9EA3 /* HomeKitBridge */ = {
			isa = PBXNativeTarget;
			buildConfigurationList = C7397D8B19E978C200FF9EA3 /* Build configuration list for PBXNativeTarget "HomeKitBridge" */;
			buildPhases = (
				C7397D6A19E978C100FF9EA3 /* Sources */,
				C7397D6B19E978C100FF9EA3 /* Frameworks */,
				C7397D6C19E978C100FF9EA3 /* Resources */,
				C7397E8419E9FC6700FF9EA3 /* CopyFiles */,
			);
			buildRules = (
			);
			dependencies = (
			);
			name = HomeKitBridge;
			productName = HomeKitBridge;
			productReference = C7397D6E19E978C100FF9EA3 /* HomeKitBridge.app */;
			productType = "com.apple.product-type.application";
		};
		C7397D8019E978C200FF9EA3 /* HomeKitBridgeTests */ = {
			isa = PBXNativeTarget;
			buildConfigurationList = C7397D8E19E978C200FF9EA3 /* Build configuration list for PBXNativeTarget "HomeKitBridgeTests" */;
			buildPhases = (
				C7397D7D19E978C200FF9EA3 /* Sources */,
				C7397D7E19E978C200FF9EA3 /* Frameworks */,
				C7397D7F19E978C200FF9EA3 /* Resources */,
			);
			buildRules = (
			);
			dependencies = (
				C7397D8319E978C200FF9EA3 /* PBXTargetDependency */,
			);
			name = HomeKitBridgeTests;
			productName = HomeKitBridgeTests;
			productReference = C7397D8119E978C200FF9EA3 /* HomeKitBridgeTests.xctest */;
			productType = "com.apple.product-type.bundle.unit-test";
		};
/* End PBXNativeTarget section */

/* Begin PBXProject section */
		C7397D6619E978C100FF9EA3 /* Project object */ = {
			isa = PBXProject;
			attributes = {
				LastUpgradeCheck = 0600;
				ORGANIZATIONNAME = "Kyle Howells";
				TargetAttributes = {
					C7397D6D19E978C100FF9EA3 = {
						CreatedOnToolsVersion = 6.0;
					};
					C7397D8019E978C200FF9EA3 = {
						CreatedOnToolsVersion = 6.0;
						TestTargetID = C7397D6D19E978C100FF9EA3;
					};
				};
			};
			buildConfigurationList = C7397D6919E978C100FF9EA3 /* Build configuration list for PBXProject "HomeKitBridge" */;
			compatibilityVersion = "Xcode 3.2";
			developmentRegion = English;
			hasScannedForEncodings = 0;
			knownRegions = (
				en,
				Base,
			);
			mainGroup = C7397D6519E978C100FF9EA3;
			productRefGroup = C7397D6F19E978C100FF9EA3 /* Products */;
			projectDirPath = "";
			projectRoot = "";
			targets = (
				C7397D6D19E978C100FF9EA3 /* HomeKitBridge */,
				C7397D8019E978C200FF9EA3 /* HomeKitBridgeTests */,
			);
		};
/* End PBXProject section */

/* Begin PBXResourcesBuildPhase section */
		C7397D6C19E978C100FF9EA3 /* Resources */ = {
			isa = PBXResourcesBuildPhase;
			buildActionMask = 2147483647;
			files = (
				C7397D7919E978C100FF9EA3 /* Images.xcassets in Resources */,
				C7397D7C19E978C100FF9EA3 /* MainMenu.xib in Resources */,
			);
			runOnlyForDeploymentPostprocessing = 0;
		};
		C7397D7F19E978C200FF9EA3 /* Resources */ = {
			isa = PBXResourcesBuildPhase;
			buildActionMask = 2147483647;
			files = (
			);
			runOnlyForDeploymentPostprocessing = 0;
		};
/* End PBXResourcesBuildPhase section */

/* Begin PBXSourcesBuildPhase section */
		C7397D6A19E978C100FF9EA3 /* Sources */ = {
			isa = PBXSourcesBuildPhase;
			buildActionMask = 2147483647;
			files = (
				C7397D7719E978C100FF9EA3 /* AppDelegate.m in Sources */,
				C7397E8019E9859F00FF9EA3 /* HKBLightAccessory.m in Sources */,
				C78BEFE619EB68660005278C /* HKBLightAccessoryLIFX.m in Sources */,
				C7397E7C19E9849E00FF9EA3 /* HKBAccessory.m in Sources */,
				C786FF211B1BB93900A6A354 /* HKBTransportCache.m in Sources */,
				C7397D7419E978C100FF9EA3 /* main.m in Sources */,
			);
			runOnlyForDeploymentPostprocessing = 0;
		};
		C7397D7D19E978C200FF9EA3 /* Sources */ = {
			isa = PBXSourcesBuildPhase;
			buildActionMask = 2147483647;
			files = (
				C7397D8819E978C200FF9EA3 /* HomeKitBridgeTests.m in Sources */,
			);
			runOnlyForDeploymentPostprocessing = 0;
		};
/* End PBXSourcesBuildPhase section */

/* Begin PBXTargetDependency section */
		C7397D8319E978C200FF9EA3 /* PBXTargetDependency */ = {
			isa = PBXTargetDependency;
			target = C7397D6D19E978C100FF9EA3 /* HomeKitBridge */;
			targetProxy = C7397D8219E978C200FF9EA3 /* PBXContainerItemProxy */;
		};
/* End PBXTargetDependency section */

/* Begin PBXVariantGroup section */
		C7397D7A19E978C100FF9EA3 /* MainMenu.xib */ = {
			isa = PBXVariantGroup;
			children = (
				C7397D7B19E978C100FF9EA3 /* Base */,
			);
			name = MainMenu.xib;
			sourceTree = "<group>";
		};
/* End PBXVariantGroup section */

/* Begin XCBuildConfiguration section */
		C7397D8919E978C200FF9EA3 /* Debug */ = {
			isa = XCBuildConfiguration;
			buildSettings = {
				ALWAYS_SEARCH_USER_PATHS = NO;
				CLANG_CXX_LANGUAGE_STANDARD = "gnu++0x";
				CLANG_CXX_LIBRARY = "libc++";
				CLANG_ENABLE_MODULES = YES;
				CLANG_ENABLE_OBJC_ARC = YES;
				CLANG_WARN_BOOL_CONVERSION = YES;
				CLANG_WARN_CONSTANT_CONVERSION = YES;
				CLANG_WARN_DIRECT_OBJC_ISA_USAGE = YES_ERROR;
				CLANG_WARN_EMPTY_BODY = YES;
				CLANG_WARN_ENUM_CONVERSION = YES;
				CLANG_WARN_INT_CONVERSION = YES;
				CLANG_WARN_OBJC_ROOT_CLASS = YES_ERROR;
				CLANG_WARN_UNREACHABLE_CODE = YES;
				CLANG_WARN__DUPLICATE_METHOD_MATCH = YES;
				CODE_SIGN_IDENTITY = "-";
				COPY_PHASE_STRIP = NO;
				ENABLE_STRICT_OBJC_MSGSEND = YES;
				GCC_C_LANGUAGE_STANDARD = gnu99;
				GCC_DYNAMIC_NO_PIC = NO;
				GCC_OPTIMIZATION_LEVEL = 0;
				GCC_PREPROCESSOR_DEFINITIONS = (
					"DEBUG=1",
					"$(inherited)",
				);
				GCC_SYMBOLS_PRIVATE_EXTERN = NO;
				GCC_WARN_64_TO_32_BIT_CONVERSION = YES;
				GCC_WARN_ABOUT_RETURN_TYPE = YES_ERROR;
				GCC_WARN_UNDECLARED_SELECTOR = YES;
				GCC_WARN_UNINITIALIZED_AUTOS = YES_AGGRESSIVE;
				GCC_WARN_UNUSED_FUNCTION = YES;
				GCC_WARN_UNUSED_VARIABLE = YES;
				MACOSX_DEPLOYMENT_TARGET = 10.9;
				MTL_ENABLE_DEBUG_INFO = YES;
				ONLY_ACTIVE_ARCH = YES;
				SDKROOT = macosx;
			};
			name = Debug;
		};
		C7397D8A19E978C200FF9EA3 /* Release */ = {
			isa = XCBuildConfiguration;
			buildSettings = {
				ALWAYS_SEARCH_USER_PATHS = NO;
				CLANG_CXX_LANGUAGE_STANDARD = "gnu++0x";
				CLANG_CXX_LIBRARY = "libc++";
				CLANG_ENABLE_MODULES = YES;
				CLANG_ENABLE_OBJC_ARC = YES;
				CLANG_WARN_BOOL_CONVERSION = YES;
				CLANG_WARN_CONSTANT_CONVERSION = YES;
				CLANG_WARN_DIRECT_OBJC_ISA_USAGE = YES_ERROR;
				CLANG_WARN_EMPTY_BODY = YES;
				CLANG_WARN_ENUM_CONVERSION = YES;
				CLANG_WARN_INT_CONVERSION = YES;
				CLANG_WARN_OBJC_ROOT_CLASS = YES_ERROR;
				CLANG_WARN_UNREACHABLE_CODE = YES;
				CLANG_WARN__DUPLICATE_METHOD_MATCH = YES;
				CODE_SIGN_IDENTITY = "-";
				COPY_PHASE_STRIP = YES;
				DEBUG_INFORMATION_FORMAT = "dwarf-with-dsym";
				ENABLE_NS_ASSERTIONS = NO;
				ENABLE_STRICT_OBJC_MSGSEND = YES;
				GCC_C_LANGUAGE_STANDARD = gnu99;
				GCC_WARN_64_TO_32_BIT_CONVERSION = YES;
				GCC_WARN_ABOUT_RETURN_TYPE = YES_ERROR;
				GCC_WARN_UNDECLARED_SELECTOR = YES;
				GCC_WARN_UNINITIALIZED_AUTOS = YES_AGGRESSIVE;
				GCC_WARN_UNUSED_FUNCTION = YES;
				GCC_WARN_UNUSED_VARIABLE = YES;
				MACOSX_DEPLOYMENT_TARGET = 10.9;
				MTL_ENABLE_DEBUG_INFO = NO;
				SDKROOT = macosx;
			};
			name = Release;
		};
		C7397D8C19E978C200FF9EA3 /* Debug */ = {
			isa = XCBuildConfiguration;
			buildSettings = {
				ASSETCATALOG_COMPILER_APPICON_NAME = AppIcon;
				COMBINE_HIDPI_IMAGES = YES;
				FRAMEWORK_SEARCH_PATHS = (
					"$(inherited)",
					"$(SYSTEM_APPS_DIR)/HomeKit\\ Accessory\\ Simulator.app/Contents/Frameworks",
					"$(PROJECT_DIR)/HomeKitBridge",
				);
				INFOPLIST_FILE = HomeKitBridge/Info.plist;
				LD_RUNPATH_SEARCH_PATHS = "$(inherited) @executable_path/../Frameworks";
				PRODUCT_NAME = "$(TARGET_NAME)";
			};
			name = Debug;
		};
		C7397D8D19E978C200FF9EA3 /* Release */ = {
			isa = XCBuildConfiguration;
			buildSettings = {
				ASSETCATALOG_COMPILER_APPICON_NAME = AppIcon;
				COMBINE_HIDPI_IMAGES = YES;
				FRAMEWORK_SEARCH_PATHS = (
					"$(inherited)",
					"$(SYSTEM_APPS_DIR)/HomeKit\\ Accessory\\ Simulator.app/Contents/Frameworks",
					"$(PROJECT_DIR)/HomeKitBridge",
				);
				INFOPLIST_FILE = HomeKitBridge/Info.plist;
				LD_RUNPATH_SEARCH_PATHS = "$(inherited) @executable_path/../Frameworks";
				PRODUCT_NAME = "$(TARGET_NAME)";
			};
			name = Release;
		};
		C7397D8F19E978C200FF9EA3 /* Debug */ = {
			isa = XCBuildConfiguration;
			buildSettings = {
				BUNDLE_LOADER = "$(TEST_HOST)";
				COMBINE_HIDPI_IMAGES = YES;
				FRAMEWORK_SEARCH_PATHS = (
					"$(DEVELOPER_FRAMEWORKS_DIR)",
					"$(inherited)",
				);
				GCC_PREPROCESSOR_DEFINITIONS = (
					"DEBUG=1",
					"$(inherited)",
				);
				INFOPLIST_FILE = HomeKitBridgeTests/Info.plist;
				LD_RUNPATH_SEARCH_PATHS = "$(inherited) @executable_path/../Frameworks @loader_path/../Frameworks";
				PRODUCT_NAME = "$(TARGET_NAME)";
				TEST_HOST = "$(BUILT_PRODUCTS_DIR)/HomeKitBridge.app/Contents/MacOS/HomeKitBridge";
			};
			name = Debug;
		};
		C7397D9019E978C200FF9EA3 /* Release */ = {
			isa = XCBuildConfiguration;
			buildSettings = {
				BUNDLE_LOADER = "$(TEST_HOST)";
				COMBINE_HIDPI_IMAGES = YES;
				FRAMEWORK_SEARCH_PATHS = (
					"$(DEVELOPER_FRAMEWORKS_DIR)",
					"$(inherited)",
				);
				INFOPLIST_FILE = HomeKitBridgeTests/Info.plist;
				LD_RUNPATH_SEARCH_PATHS = "$(inherited) @executable_path/../Frameworks @loader_path/../Frameworks";
				PRODUCT_NAME = "$(TARGET_NAME)";
				TEST_HOST = "$(BUILT_PRODUCTS_DIR)/HomeKitBridge.app/Contents/MacOS/HomeKitBridge";
			};
			name = Release;
		};
/* End XCBuildConfiguration section */

/* Begin XCConfigurationList section */
		C7397D6919E978C100FF9EA3 /* Build configuration list for PBXProject "HomeKitBridge" */ = {
			isa = XCConfigurationList;
			buildConfigurations = (
				C7397D8919E978C200FF9EA3 /* Debug */,
				C7397D8A19E978C200FF9EA3 /* Release */,
			);
			defaultConfigurationIsVisible = 0;
			defaultConfigurationName = Release;
		};
		C7397D8B19E978C200FF9EA3 /* Build configuration list for PBXNativeTarget "HomeKitBridge" */ = {
			isa = XCConfigurationList;
			buildConfigurations = (
				C7397D8C19E978C200FF9EA3 /* Debug */,
				C7397D8D19E978C200FF9EA3 /* Release */,
			);
			defaultConfigurationIsVisible = 0;
			defaultConfigurationName = Release;
		};
		C7397D8E19E978C200FF9EA3 /* Build configuration list for PBXNativeTarget "HomeKitBridgeTests" */ = {
			isa = XCConfigurationList;
			buildConfigurations = (
				C7397D8F19E978C200FF9EA3 /* Debug */,
				C7397D9019E978C200FF9EA3 /* Release */,
			);
			defaultConfigurationIsVisible = 0;
			defaultConfigurationName = Release;
		};
/* End XCConfigurationList section */
	};
	rootObject = C7397D6619E978C100FF9EA3 /* Project object */;
}
